// !$*UTF8*$!
{
	archiveVersion = 1;
	classes = {
	};
	objectVersion = 46;
	objects = {

/* Begin PBXBuildFile section */
		ECA173801ECDAE810083545B /* main.m in Sources */ = {isa = PBXBuildFile; fileRef = ECA1737F1ECDAE810083545B /* main.m */; };
		ECA173831ECDAE810083545B /* AppDelegate.m in Sources */ = {isa = PBXBuildFile; fileRef = ECA173821ECDAE810083545B /* AppDelegate.m */; };
		ECA173861ECDAE810083545B /* ViewController.m in Sources */ = {isa = PBXBuildFile; fileRef = ECA173851ECDAE810083545B /* ViewController.m */; };
		ECA173891ECDAE810083545B /* Main.storyboard in Resources */ = {isa = PBXBuildFile; fileRef = ECA173871ECDAE810083545B /* Main.storyboard */; };
		ECA1738B1ECDAE810083545B /* Assets.xcassets in Resources */ = {isa = PBXBuildFile; fileRef = ECA1738A1ECDAE810083545B /* Assets.xcassets */; };
		ECA1738E1ECDAE810083545B /* LaunchScreen.storyboard in Resources */ = {isa = PBXBuildFile; fileRef = ECA1738C1ECDAE810083545B /* LaunchScreen.storyboard */; };
		ECA173991ECDAE810083545B /* OCNetworkLayerTests.m in Sources */ = {isa = PBXBuildFile; fileRef = ECA173981ECDAE810083545B /* OCNetworkLayerTests.m */; };
		ECA173A41ECDAE810083545B /* OCNetworkLayerUITests.m in Sources */ = {isa = PBXBuildFile; fileRef = ECA173A31ECDAE810083545B /* OCNetworkLayerUITests.m */; };
		ECA173B31ECDAEA60083545B /* BackendConfiguration.m in Sources */ = {isa = PBXBuildFile; fileRef = ECA173B21ECDAEA60083545B /* BackendConfiguration.m */; };
		ECA173B61ECDB0440083545B /* BackendAPIRequest.m in Sources */ = {isa = PBXBuildFile; fileRef = ECA173B51ECDB0440083545B /* BackendAPIRequest.m */; };
		ECA173BA1ECDB38A0083545B /* SignInRequest.m in Sources */ = {isa = PBXBuildFile; fileRef = ECA173B91ECDB38A0083545B /* SignInRequest.m */; };
		ECA173BF1ECE88A60083545B /* NetworkService.m in Sources */ = {isa = PBXBuildFile; fileRef = ECA173BE1ECE88A60083545B /* NetworkService.m */; };
		ECA173D61ECEA0D70083545B /* SignUpRequest.m in Sources */ = {isa = PBXBuildFile; fileRef = ECA173D51ECEA0D70083545B /* SignUpRequest.m */; };
		ECA173D91ECEA1FF0083545B /* UserItem.m in Sources */ = {isa = PBXBuildFile; fileRef = ECA173D81ECEA1FF0083545B /* UserItem.m */; };
		ECA94D8A1ECF0236008E9962 /* SignInOperation.m in Sources */ = {isa = PBXBuildFile; fileRef = ECA94D891ECF0236008E9962 /* SignInOperation.m */; };
		ECA94D8E1ECF0778008E9962 /* NetworkQueue.m in Sources */ = {isa = PBXBuildFile; fileRef = ECA94D8D1ECF0778008E9962 /* NetworkQueue.m */; };
		ECA94D911ECF1096008E9962 /* SignInResponseMapper.m in Sources */ = {isa = PBXBuildFile; fileRef = ECA94D901ECF1096008E9962 /* SignInResponseMapper.m */; };
		ECA94D951ECF10D6008E9962 /* ResponseMapper.m in Sources */ = {isa = PBXBuildFile; fileRef = ECA94D941ECF10D6008E9962 /* ResponseMapper.m */; };
		ECB089261ED065E100A7D93C /* SignInItem.m in Sources */ = {isa = PBXBuildFile; fileRef = ECB089251ED065E100A7D93C /* SignInItem.m */; };
		ECB089291ED06CAE00A7D93C /* ArrayResponseMapper.m in Sources */ = {isa = PBXBuildFile; fileRef = ECB089281ED06CAE00A7D93C /* ArrayResponseMapper.m */; };
		ECF4582D1ECEDEF300FEF934 /* BackendService.m in Sources */ = {isa = PBXBuildFile; fileRef = ECF4582C1ECEDEF300FEF934 /* BackendService.m */; };
		ECF458431ECEF22600FEF934 /* BackendAuth.m in Sources */ = {isa = PBXBuildFile; fileRef = ECF458421ECEF22500FEF934 /* BackendAuth.m */; };
		ECF458461ECEF4FE00FEF934 /* NetworkOperation.m in Sources */ = {isa = PBXBuildFile; fileRef = ECF458451ECEF4FE00FEF934 /* NetworkOperation.m */; };
		ECF458491ECEFE9900FEF934 /* ServiceOperation.m in Sources */ = {isa = PBXBuildFile; fileRef = ECF458481ECEFE9900FEF934 /* ServiceOperation.m */; };
/* End PBXBuildFile section */

/* Begin PBXContainerItemProxy section */
		ECA173951ECDAE810083545B /* PBXContainerItemProxy */ = {
			isa = PBXContainerItemProxy;
			containerPortal = ECA173731ECDAE810083545B /* Project object */;
			proxyType = 1;
			remoteGlobalIDString = ECA1737A1ECDAE810083545B;
			remoteInfo = OCNetworkLayer;
		};
		ECA173A01ECDAE810083545B /* PBXContainerItemProxy */ = {
			isa = PBXContainerItemProxy;
			containerPortal = ECA173731ECDAE810083545B /* Project object */;
			proxyType = 1;
			remoteGlobalIDString = ECA1737A1ECDAE810083545B;
			remoteInfo = OCNetworkLayer;
		};
/* End PBXContainerItemProxy section */

/* Begin PBXFileReference section */
		ECA1737B1ECDAE810083545B /* OCNetworkLayer.app */ = {isa = PBXFileReference; explicitFileType = wrapper.application; includeInIndex = 0; path = OCNetworkLayer.app; sourceTree = BUILT_PRODUCTS_DIR; };
		ECA1737F1ECDAE810083545B /* main.m */ = {isa = PBXFileReference; lastKnownFileType = sourcecode.c.objc; path = main.m; sourceTree = "<group>"; };
		ECA173811ECDAE810083545B /* AppDelegate.h */ = {isa = PBXFileReference; lastKnownFileType = sourcecode.c.h; path = AppDelegate.h; sourceTree = "<group>"; };
		ECA173821ECDAE810083545B /* AppDelegate.m */ = {isa = PBXFileReference; lastKnownFileType = sourcecode.c.objc; path = AppDelegate.m; sourceTree = "<group>"; };
		ECA173841ECDAE810083545B /* ViewController.h */ = {isa = PBXFileReference; lastKnownFileType = sourcecode.c.h; path = ViewController.h; sourceTree = "<group>"; };
		ECA173851ECDAE810083545B /* ViewController.m */ = {isa = PBXFileReference; lastKnownFileType = sourcecode.c.objc; path = ViewController.m; sourceTree = "<group>"; };
		ECA173881ECDAE810083545B /* Base */ = {isa = PBXFileReference; lastKnownFileType = file.storyboard; name = Base; path = Base.lproj/Main.storyboard; sourceTree = "<group>"; };
		ECA1738A1ECDAE810083545B /* Assets.xcassets */ = {isa = PBXFileReference; lastKnownFileType = folder.assetcatalog; path = Assets.xcassets; sourceTree = "<group>"; };
		ECA1738D1ECDAE810083545B /* Base */ = {isa = PBXFileReference; lastKnownFileType = file.storyboard; name = Base; path = Base.lproj/LaunchScreen.storyboard; sourceTree = "<group>"; };
		ECA1738F1ECDAE810083545B /* Info.plist */ = {isa = PBXFileReference; lastKnownFileType = text.plist.xml; path = Info.plist; sourceTree = "<group>"; };
		ECA173941ECDAE810083545B /* OCNetworkLayerTests.xctest */ = {isa = PBXFileReference; explicitFileType = wrapper.cfbundle; includeInIndex = 0; path = OCNetworkLayerTests.xctest; sourceTree = BUILT_PRODUCTS_DIR; };
		ECA173981ECDAE810083545B /* OCNetworkLayerTests.m */ = {isa = PBXFileReference; lastKnownFileType = sourcecode.c.objc; path = OCNetworkLayerTests.m; sourceTree = "<group>"; };
		ECA1739A1ECDAE810083545B /* Info.plist */ = {isa = PBXFileReference; lastKnownFileType = text.plist.xml; path = Info.plist; sourceTree = "<group>"; };
		ECA1739F1ECDAE810083545B /* OCNetworkLayerUITests.xctest */ = {isa = PBXFileReference; explicitFileType = wrapper.cfbundle; includeInIndex = 0; path = OCNetworkLayerUITests.xctest; sourceTree = BUILT_PRODUCTS_DIR; };
		ECA173A31ECDAE810083545B /* OCNetworkLayerUITests.m */ = {isa = PBXFileReference; lastKnownFileType = sourcecode.c.objc; path = OCNetworkLayerUITests.m; sourceTree = "<group>"; };
		ECA173A51ECDAE810083545B /* Info.plist */ = {isa = PBXFileReference; lastKnownFileType = text.plist.xml; path = Info.plist; sourceTree = "<group>"; };
		ECA173B11ECDAEA60083545B /* BackendConfiguration.h */ = {isa = PBXFileReference; fileEncoding = 4; lastKnownFileType = sourcecode.c.h; path = BackendConfiguration.h; sourceTree = "<group>"; };
		ECA173B21ECDAEA60083545B /* BackendConfiguration.m */ = {isa = PBXFileReference; fileEncoding = 4; lastKnownFileType = sourcecode.c.objc; path = BackendConfiguration.m; sourceTree = "<group>"; };
		ECA173B41ECDB0440083545B /* BackendAPIRequest.h */ = {isa = PBXFileReference; fileEncoding = 4; lastKnownFileType = sourcecode.c.h; path = BackendAPIRequest.h; sourceTree = "<group>"; };
		ECA173B51ECDB0440083545B /* BackendAPIRequest.m */ = {isa = PBXFileReference; fileEncoding = 4; lastKnownFileType = sourcecode.c.objc; path = BackendAPIRequest.m; sourceTree = "<group>"; };
		ECA173B81ECDB38A0083545B /* SignInRequest.h */ = {isa = PBXFileReference; fileEncoding = 4; lastKnownFileType = sourcecode.c.h; path = SignInRequest.h; sourceTree = "<group>"; };
		ECA173B91ECDB38A0083545B /* SignInRequest.m */ = {isa = PBXFileReference; fileEncoding = 4; lastKnownFileType = sourcecode.c.objc; path = SignInRequest.m; sourceTree = "<group>"; };
		ECA173BD1ECE88A60083545B /* NetworkService.h */ = {isa = PBXFileReference; fileEncoding = 4; lastKnownFileType = sourcecode.c.h; path = NetworkService.h; sourceTree = "<group>"; };
		ECA173BE1ECE88A60083545B /* NetworkService.m */ = {isa = PBXFileReference; fileEncoding = 4; lastKnownFileType = sourcecode.c.objc; path = NetworkService.m; sourceTree = "<group>"; };
		ECA173D41ECEA0D70083545B /* SignUpRequest.h */ = {isa = PBXFileReference; fileEncoding = 4; lastKnownFileType = sourcecode.c.h; path = SignUpRequest.h; sourceTree = "<group>"; };
		ECA173D51ECEA0D70083545B /* SignUpRequest.m */ = {isa = PBXFileReference; fileEncoding = 4; lastKnownFileType = sourcecode.c.objc; path = SignUpRequest.m; sourceTree = "<group>"; };
		ECA173D71ECEA1FF0083545B /* UserItem.h */ = {isa = PBXFileReference; fileEncoding = 4; lastKnownFileType = sourcecode.c.h; path = UserItem.h; sourceTree = "<group>"; };
		ECA173D81ECEA1FF0083545B /* UserItem.m */ = {isa = PBXFileReference; fileEncoding = 4; lastKnownFileType = sourcecode.c.objc; path = UserItem.m; sourceTree = "<group>"; };
		ECA173DB1ECEA2460083545B /* ParsedItem.h */ = {isa = PBXFileReference; fileEncoding = 4; lastKnownFileType = sourcecode.c.h; path = ParsedItem.h; sourceTree = "<group>"; };
		ECA94D881ECF0236008E9962 /* SignInOperation.h */ = {isa = PBXFileReference; fileEncoding = 4; lastKnownFileType = sourcecode.c.h; path = SignInOperation.h; sourceTree = "<group>"; };
		ECA94D891ECF0236008E9962 /* SignInOperation.m */ = {isa = PBXFileReference; fileEncoding = 4; lastKnownFileType = sourcecode.c.objc; path = SignInOperation.m; sourceTree = "<group>"; };
		ECA94D8C1ECF0778008E9962 /* NetworkQueue.h */ = {isa = PBXFileReference; fileEncoding = 4; lastKnownFileType = sourcecode.c.h; path = NetworkQueue.h; sourceTree = "<group>"; };
		ECA94D8D1ECF0778008E9962 /* NetworkQueue.m */ = {isa = PBXFileReference; fileEncoding = 4; lastKnownFileType = sourcecode.c.objc; path = NetworkQueue.m; sourceTree = "<group>"; };
		ECA94D8F1ECF1096008E9962 /* SignInResponseMapper.h */ = {isa = PBXFileReference; fileEncoding = 4; lastKnownFileType = sourcecode.c.h; path = SignInResponseMapper.h; sourceTree = "<group>"; };
		ECA94D901ECF1096008E9962 /* SignInResponseMapper.m */ = {isa = PBXFileReference; fileEncoding = 4; lastKnownFileType = sourcecode.c.objc; path = SignInResponseMapper.m; sourceTree = "<group>"; };
		ECA94D931ECF10D6008E9962 /* ResponseMapper.h */ = {isa = PBXFileReference; fileEncoding = 4; lastKnownFileType = sourcecode.c.h; path = ResponseMapper.h; sourceTree = "<group>"; };
		ECA94D941ECF10D6008E9962 /* ResponseMapper.m */ = {isa = PBXFileReference; fileEncoding = 4; lastKnownFileType = sourcecode.c.objc; path = ResponseMapper.m; sourceTree = "<group>"; };
		ECB089241ED065E100A7D93C /* SignInItem.h */ = {isa = PBXFileReference; fileEncoding = 4; lastKnownFileType = sourcecode.c.h; path = SignInItem.h; sourceTree = "<group>"; };
		ECB089251ED065E100A7D93C /* SignInItem.m */ = {isa = PBXFileReference; fileEncoding = 4; lastKnownFileType = sourcecode.c.objc; path = SignInItem.m; sourceTree = "<group>"; };
		ECB089271ED06CAE00A7D93C /* ArrayResponseMapper.h */ = {isa = PBXFileReference; fileEncoding = 4; lastKnownFileType = sourcecode.c.h; path = ArrayResponseMapper.h; sourceTree = "<group>"; };
		ECB089281ED06CAE00A7D93C /* ArrayResponseMapper.m */ = {isa = PBXFileReference; fileEncoding = 4; lastKnownFileType = sourcecode.c.objc; path = ArrayResponseMapper.m; sourceTree = "<group>"; };
		ECF4582B1ECEDEF300FEF934 /* BackendService.h */ = {isa = PBXFileReference; fileEncoding = 4; lastKnownFileType = sourcecode.c.h; path = BackendService.h; sourceTree = "<group>"; };
		ECF4582C1ECEDEF300FEF934 /* BackendService.m */ = {isa = PBXFileReference; fileEncoding = 4; lastKnownFileType = sourcecode.c.objc; path = BackendService.m; sourceTree = "<group>"; };
		ECF458411ECEF22500FEF934 /* BackendAuth.h */ = {isa = PBXFileReference; fileEncoding = 4; lastKnownFileType = sourcecode.c.h; path = BackendAuth.h; sourceTree = "<group>"; };
		ECF458421ECEF22500FEF934 /* BackendAuth.m */ = {isa = PBXFileReference; fileEncoding = 4; lastKnownFileType = sourcecode.c.objc; path = BackendAuth.m; sourceTree = "<group>"; };
		ECF458441ECEF4FE00FEF934 /* NetworkOperation.h */ = {isa = PBXFileReference; fileEncoding = 4; lastKnownFileType = sourcecode.c.h; path = NetworkOperation.h; sourceTree = "<group>"; };
		ECF458451ECEF4FE00FEF934 /* NetworkOperation.m */ = {isa = PBXFileReference; fileEncoding = 4; lastKnownFileType = sourcecode.c.objc; path = NetworkOperation.m; sourceTree = "<group>"; };
		ECF458471ECEFE9900FEF934 /* ServiceOperation.h */ = {isa = PBXFileReference; fileEncoding = 4; lastKnownFileType = sourcecode.c.h; path = ServiceOperation.h; sourceTree = "<group>"; };
		ECF458481ECEFE9900FEF934 /* ServiceOperation.m */ = {isa = PBXFileReference; fileEncoding = 4; lastKnownFileType = sourcecode.c.objc; path = ServiceOperation.m; sourceTree = "<group>"; };
/* End PBXFileReference section */

/* Begin PBXFrameworksBuildPhase section */
		ECA173781ECDAE810083545B /* Frameworks */ = {
			isa = PBXFrameworksBuildPhase;
			buildActionMask = 2147483647;
			files = (
			);
			runOnlyForDeploymentPostprocessing = 0;
		};
		ECA173911ECDAE810083545B /* Frameworks */ = {
			isa = PBXFrameworksBuildPhase;
			buildActionMask = 2147483647;
			files = (
			);
			runOnlyForDeploymentPostprocessing = 0;
		};
		ECA1739C1ECDAE810083545B /* Frameworks */ = {
			isa = PBXFrameworksBuildPhase;
			buildActionMask = 2147483647;
			files = (
			);
			runOnlyForDeploymentPostprocessing = 0;
		};
/* End PBXFrameworksBuildPhase section */

/* Begin PBXGroup section */
		ECA173721ECDAE810083545B = {
			isa = PBXGroup;
			children = (
				ECA1737D1ECDAE810083545B /* OCNetworkLayer */,
				ECA173971ECDAE810083545B /* OCNetworkLayerTests */,
				ECA173A21ECDAE810083545B /* OCNetworkLayerUITests */,
				ECA1737C1ECDAE810083545B /* Products */,
			);
			sourceTree = "<group>";
		};
		ECA1737C1ECDAE810083545B /* Products */ = {
			isa = PBXGroup;
			children = (
				ECA1737B1ECDAE810083545B /* OCNetworkLayer.app */,
				ECA173941ECDAE810083545B /* OCNetworkLayerTests.xctest */,
				ECA1739F1ECDAE810083545B /* OCNetworkLayerUITests.xctest */,
			);
			name = Products;
			sourceTree = "<group>";
		};
		ECA1737D1ECDAE810083545B /* OCNetworkLayer */ = {
			isa = PBXGroup;
			children = (
				ECA173BC1ECDB3B20083545B /* Network */,
				ECA173811ECDAE810083545B /* AppDelegate.h */,
				ECA173821ECDAE810083545B /* AppDelegate.m */,
				ECA173841ECDAE810083545B /* ViewController.h */,
				ECA173851ECDAE810083545B /* ViewController.m */,
				ECA173871ECDAE810083545B /* Main.storyboard */,
				ECA1738A1ECDAE810083545B /* Assets.xcassets */,
				ECA1738C1ECDAE810083545B /* LaunchScreen.storyboard */,
				ECA1738F1ECDAE810083545B /* Info.plist */,
				ECA1737E1ECDAE810083545B /* Supporting Files */,
			);
			path = OCNetworkLayer;
			sourceTree = "<group>";
		};
		ECA1737E1ECDAE810083545B /* Supporting Files */ = {
			isa = PBXGroup;
			children = (
				ECA1737F1ECDAE810083545B /* main.m */,
			);
			name = "Supporting Files";
			sourceTree = "<group>";
		};
		ECA173971ECDAE810083545B /* OCNetworkLayerTests */ = {
			isa = PBXGroup;
			children = (
				ECA173981ECDAE810083545B /* OCNetworkLayerTests.m */,
				ECA1739A1ECDAE810083545B /* Info.plist */,
			);
			path = OCNetworkLayerTests;
			sourceTree = "<group>";
		};
		ECA173A21ECDAE810083545B /* OCNetworkLayerUITests */ = {
			isa = PBXGroup;
			children = (
				ECA173A31ECDAE810083545B /* OCNetworkLayerUITests.m */,
				ECA173A51ECDAE810083545B /* Info.plist */,
			);
			path = OCNetworkLayerUITests;
			sourceTree = "<group>";
		};
		ECA173B71ECDB3470083545B /* Backend */ = {
			isa = PBXGroup;
			children = (
				ECA173B11ECDAEA60083545B /* BackendConfiguration.h */,
				ECA173B21ECDAEA60083545B /* BackendConfiguration.m */,
				ECA173B41ECDB0440083545B /* BackendAPIRequest.h */,
				ECA173B51ECDB0440083545B /* BackendAPIRequest.m */,
				ECF4582B1ECEDEF300FEF934 /* BackendService.h */,
				ECF4582C1ECEDEF300FEF934 /* BackendService.m */,
				ECF458411ECEF22500FEF934 /* BackendAuth.h */,
				ECF458421ECEF22500FEF934 /* BackendAuth.m */,
				ECF458471ECEFE9900FEF934 /* ServiceOperation.h */,
				ECF458481ECEFE9900FEF934 /* ServiceOperation.m */,
			);
			name = Backend;
			sourceTree = "<group>";
		};
		ECA173BB1ECDB3960083545B /* Request */ = {
			isa = PBXGroup;
			children = (
				ECA173B81ECDB38A0083545B /* SignInRequest.h */,
				ECA173B91ECDB38A0083545B /* SignInRequest.m */,
				ECA173D41ECEA0D70083545B /* SignUpRequest.h */,
				ECA173D51ECEA0D70083545B /* SignUpRequest.m */,
			);
			name = Request;
			sourceTree = "<group>";
		};
		ECA173BC1ECDB3B20083545B /* Network */ = {
			isa = PBXGroup;
			children = (
				ECA94D8B1ECF0243008E9962 /* Operations */,
				ECA173DA1ECEA20E0083545B /* Items */,
				ECA173B71ECDB3470083545B /* Backend */,
				ECA173BB1ECDB3960083545B /* Request */,
				ECA173C01ECE88AB0083545B /* Core Network */,
				ECA94D961ECF10DA008E9962 /* Core Mapping */,
				ECA94D921ECF109B008E9962 /* Mappers */,
			);
			name = Network;
			sourceTree = "<group>";
		};
		ECA173C01ECE88AB0083545B /* Core Network */ = {
			isa = PBXGroup;
			children = (
				ECA94D8C1ECF0778008E9962 /* NetworkQueue.h */,
				ECA94D8D1ECF0778008E9962 /* NetworkQueue.m */,
				ECF458441ECEF4FE00FEF934 /* NetworkOperation.h */,
				ECF458451ECEF4FE00FEF934 /* NetworkOperation.m */,
				ECA173BD1ECE88A60083545B /* NetworkService.h */,
				ECA173BE1ECE88A60083545B /* NetworkService.m */,
			);
			name = "Core Network";
			sourceTree = "<group>";
		};
		ECA173DA1ECEA20E0083545B /* Items */ = {
			isa = PBXGroup;
			children = (
				ECA173DB1ECEA2460083545B /* ParsedItem.h */,
				ECA173D71ECEA1FF0083545B /* UserItem.h */,
				ECA173D81ECEA1FF0083545B /* UserItem.m */,
				ECB089241ED065E100A7D93C /* SignInItem.h */,
				ECB089251ED065E100A7D93C /* SignInItem.m */,
			);
			name = Items;
			sourceTree = "<group>";
		};
		ECA94D8B1ECF0243008E9962 /* Operations */ = {
			isa = PBXGroup;
			children = (
				ECA94D881ECF0236008E9962 /* SignInOperation.h */,
				ECA94D891ECF0236008E9962 /* SignInOperation.m */,
			);
			name = Operations;
			sourceTree = "<group>";
		};
		ECA94D921ECF109B008E9962 /* Mappers */ = {
			isa = PBXGroup;
			children = (
				ECA94D8F1ECF1096008E9962 /* SignInResponseMapper.h */,
				ECA94D901ECF1096008E9962 /* SignInResponseMapper.m */,
			);
			name = Mappers;
			sourceTree = "<group>";
		};
		ECA94D961ECF10DA008E9962 /* Core Mapping */ = {
			isa = PBXGroup;
			children = (
				ECA94D931ECF10D6008E9962 /* ResponseMapper.h */,
				ECA94D941ECF10D6008E9962 /* ResponseMapper.m */,
				ECB089271ED06CAE00A7D93C /* ArrayResponseMapper.h */,
				ECB089281ED06CAE00A7D93C /* ArrayResponseMapper.m */,
			);
			name = "Core Mapping";
			sourceTree = "<group>";
		};
/* End PBXGroup section */

/* Begin PBXNativeTarget section */
		ECA1737A1ECDAE810083545B /* OCNetworkLayer */ = {
			isa = PBXNativeTarget;
			buildConfigurationList = ECA173A81ECDAE810083545B /* Build configuration list for PBXNativeTarget "OCNetworkLayer" */;
			buildPhases = (
				ECA173771ECDAE810083545B /* Sources */,
				ECA173781ECDAE810083545B /* Frameworks */,
				ECA173791ECDAE810083545B /* Resources */,
			);
			buildRules = (
			);
			dependencies = (
			);
			name = OCNetworkLayer;
			productName = OCNetworkLayer;
			productReference = ECA1737B1ECDAE810083545B /* OCNetworkLayer.app */;
			productType = "com.apple.product-type.application";
		};
		ECA173931ECDAE810083545B /* OCNetworkLayerTests */ = {
			isa = PBXNativeTarget;
			buildConfigurationList = ECA173AB1ECDAE810083545B /* Build configuration list for PBXNativeTarget "OCNetworkLayerTests" */;
			buildPhases = (
				ECA173901ECDAE810083545B /* Sources */,
				ECA173911ECDAE810083545B /* Frameworks */,
				ECA173921ECDAE810083545B /* Resources */,
			);
			buildRules = (
			);
			dependencies = (
				ECA173961ECDAE810083545B /* PBXTargetDependency */,
			);
			name = OCNetworkLayerTests;
			productName = OCNetworkLayerTests;
			productReference = ECA173941ECDAE810083545B /* OCNetworkLayerTests.xctest */;
			productType = "com.apple.product-type.bundle.unit-test";
		};
		ECA1739E1ECDAE810083545B /* OCNetworkLayerUITests */ = {
			isa = PBXNativeTarget;
			buildConfigurationList = ECA173AE1ECDAE810083545B /* Build configuration list for PBXNativeTarget "OCNetworkLayerUITests" */;
			buildPhases = (
				ECA1739B1ECDAE810083545B /* Sources */,
				ECA1739C1ECDAE810083545B /* Frameworks */,
				ECA1739D1ECDAE810083545B /* Resources */,
			);
			buildRules = (
			);
			dependencies = (
				ECA173A11ECDAE810083545B /* PBXTargetDependency */,
			);
			name = OCNetworkLayerUITests;
			productName = OCNetworkLayerUITests;
			productReference = ECA1739F1ECDAE810083545B /* OCNetworkLayerUITests.xctest */;
			productType = "com.apple.product-type.bundle.ui-testing";
		};
/* End PBXNativeTarget section */

/* Begin PBXProject section */
		ECA173731ECDAE810083545B /* Project object */ = {
			isa = PBXProject;
			attributes = {
				LastUpgradeCheck = 0830;
				ORGANIZATIONNAME = tangyuhua;
				TargetAttributes = {
					ECA1737A1ECDAE810083545B = {
						CreatedOnToolsVersion = 8.3.2;
						DevelopmentTeam = 4BADWEEE97;
						ProvisioningStyle = Automatic;
					};
					ECA173931ECDAE810083545B = {
						CreatedOnToolsVersion = 8.3.2;
						DevelopmentTeam = 4BADWEEE97;
						ProvisioningStyle = Automatic;
						TestTargetID = ECA1737A1ECDAE810083545B;
					};
					ECA1739E1ECDAE810083545B = {
						CreatedOnToolsVersion = 8.3.2;
						DevelopmentTeam = 4BADWEEE97;
						ProvisioningStyle = Automatic;
						TestTargetID = ECA1737A1ECDAE810083545B;
					};
				};
			};
			buildConfigurationList = ECA173761ECDAE810083545B /* Build configuration list for PBXProject "OCNetworkLayer" */;
			compatibilityVersion = "Xcode 3.2";
			developmentRegion = English;
			hasScannedForEncodings = 0;
			knownRegions = (
				en,
				Base,
			);
			mainGroup = ECA173721ECDAE810083545B;
			productRefGroup = ECA1737C1ECDAE810083545B /* Products */;
			projectDirPath = "";
			projectRoot = "";
			targets = (
				ECA1737A1ECDAE810083545B /* OCNetworkLayer */,
				ECA173931ECDAE810083545B /* OCNetworkLayerTests */,
				ECA1739E1ECDAE810083545B /* OCNetworkLayerUITests */,
			);
		};
/* End PBXProject section */

/* Begin PBXResourcesBuildPhase section */
		ECA173791ECDAE810083545B /* Resources */ = {
			isa = PBXResourcesBuildPhase;
			buildActionMask = 2147483647;
			files = (
				ECA1738E1ECDAE810083545B /* LaunchScreen.storyboard in Resources */,
				ECA1738B1ECDAE810083545B /* Assets.xcassets in Resources */,
				ECA173891ECDAE810083545B /* Main.storyboard in Resources */,
			);
			runOnlyForDeploymentPostprocessing = 0;
		};
		ECA173921ECDAE810083545B /* Resources */ = {
			isa = PBXResourcesBuildPhase;
			buildActionMask = 2147483647;
			files = (
			);
			runOnlyForDeploymentPostprocessing = 0;
		};
		ECA1739D1ECDAE810083545B /* Resources */ = {
			isa = PBXResourcesBuildPhase;
			buildActionMask = 2147483647;
			files = (
			);
			runOnlyForDeploymentPostprocessing = 0;
		};
/* End PBXResourcesBuildPhase section */

/* Begin PBXSourcesBuildPhase section */
		ECA173771ECDAE810083545B /* Sources */ = {
			isa = PBXSourcesBuildPhase;
			buildActionMask = 2147483647;
			files = (
				ECA173B61ECDB0440083545B /* BackendAPIRequest.m in Sources */,
				ECA94D8A1ECF0236008E9962 /* SignInOperation.m in Sources */,
				ECA173D61ECEA0D70083545B /* SignUpRequest.m in Sources */,
				ECA173BA1ECDB38A0083545B /* SignInRequest.m in Sources */,
				ECA173861ECDAE810083545B /* ViewController.m in Sources */,
				ECF458461ECEF4FE00FEF934 /* NetworkOperation.m in Sources */,
				ECA173B31ECDAEA60083545B /* BackendConfiguration.m in Sources */,
				ECF458491ECEFE9900FEF934 /* ServiceOperation.m in Sources */,
				ECA173831ECDAE810083545B /* AppDelegate.m in Sources */,
				ECA173BF1ECE88A60083545B /* NetworkService.m in Sources */,
				ECA173801ECDAE810083545B /* main.m in Sources */,
				ECA94D951ECF10D6008E9962 /* ResponseMapper.m in Sources */,
				ECF4582D1ECEDEF300FEF934 /* BackendService.m in Sources */,
				ECA94D8E1ECF0778008E9962 /* NetworkQueue.m in Sources */,
				ECB089261ED065E100A7D93C /* SignInItem.m in Sources */,
				ECA94D911ECF1096008E9962 /* SignInResponseMapper.m in Sources */,
				ECA173D91ECEA1FF0083545B /* UserItem.m in Sources */,
				ECF458431ECEF22600FEF934 /* BackendAuth.m in Sources */,
				ECB089291ED06CAE00A7D93C /* ArrayResponseMapper.m in Sources */,
			);
			runOnlyForDeploymentPostprocessing = 0;
		};
		ECA173901ECDAE810083545B /* Sources */ = {
			isa = PBXSourcesBuildPhase;
			buildActionMask = 2147483647;
			files = (
				ECA173991ECDAE810083545B /* OCNetworkLayerTests.m in Sources */,
			);
			runOnlyForDeploymentPostprocessing = 0;
		};
		ECA1739B1ECDAE810083545B /* Sources */ = {
			isa = PBXSourcesBuildPhase;
			buildActionMask = 2147483647;
			files = (
				ECA173A41ECDAE810083545B /* OCNetworkLayerUITests.m in Sources */,
			);
			runOnlyForDeploymentPostprocessing = 0;
		};
/* End PBXSourcesBuildPhase section */

/* Begin PBXTargetDependency section */
		ECA173961ECDAE810083545B /* PBXTargetDependency */ = {
			isa = PBXTargetDependency;
			target = ECA1737A1ECDAE810083545B /* OCNetworkLayer */;
			targetProxy = ECA173951ECDAE810083545B /* PBXContainerItemProxy */;
		};
		ECA173A11ECDAE810083545B /* PBXTargetDependency */ = {
			isa = PBXTargetDependency;
			target = ECA1737A1ECDAE810083545B /* OCNetworkLayer */;
			targetProxy = ECA173A01ECDAE810083545B /* PBXContainerItemProxy */;
		};
/* End PBXTargetDependency section */

/* Begin PBXVariantGroup section */
		ECA173871ECDAE810083545B /* Main.storyboard */ = {
			isa = PBXVariantGroup;
			children = (
				ECA173881ECDAE810083545B /* Base */,
			);
			name = Main.storyboard;
			sourceTree = "<group>";
		};
		ECA1738C1ECDAE810083545B /* LaunchScreen.storyboard */ = {
			isa = PBXVariantGroup;
			children = (
				ECA1738D1ECDAE810083545B /* Base */,
			);
			name = LaunchScreen.storyboard;
			sourceTree = "<group>";
		};
/* End PBXVariantGroup section */

/* Begin XCBuildConfiguration section */
		ECA173A61ECDAE810083545B /* Debug */ = {
			isa = XCBuildConfiguration;
			buildSettings = {
				ALWAYS_SEARCH_USER_PATHS = NO;
				CLANG_ANALYZER_NONNULL = YES;
				CLANG_ANALYZER_NUMBER_OBJECT_CONVERSION = YES_AGGRESSIVE;
				CLANG_CXX_LANGUAGE_STANDARD = "gnu++0x";
				CLANG_CXX_LIBRARY = "libc++";
				CLANG_ENABLE_MODULES = YES;
				CLANG_ENABLE_OBJC_ARC = YES;
				CLANG_WARN_BOOL_CONVERSION = YES;
				CLANG_WARN_CONSTANT_CONVERSION = YES;
				CLANG_WARN_DIRECT_OBJC_ISA_USAGE = YES_ERROR;
				CLANG_WARN_DOCUMENTATION_COMMENTS = YES;
				CLANG_WARN_EMPTY_BODY = YES;
				CLANG_WARN_ENUM_CONVERSION = YES;
				CLANG_WARN_INFINITE_RECURSION = YES;
				CLANG_WARN_INT_CONVERSION = YES;
				CLANG_WARN_OBJC_ROOT_CLASS = YES_ERROR;
				CLANG_WARN_SUSPICIOUS_MOVE = YES;
				CLANG_WARN_UNREACHABLE_CODE = YES;
				CLANG_WARN__DUPLICATE_METHOD_MATCH = YES;
				"CODE_SIGN_IDENTITY[sdk=iphoneos*]" = "iPhone Developer";
				COPY_PHASE_STRIP = NO;
				DEBUG_INFORMATION_FORMAT = dwarf;
				ENABLE_STRICT_OBJC_MSGSEND = YES;
				ENABLE_TESTABILITY = YES;
				GCC_C_LANGUAGE_STANDARD = gnu99;
				GCC_DYNAMIC_NO_PIC = NO;
				GCC_NO_COMMON_BLOCKS = YES;
				GCC_OPTIMIZATION_LEVEL = 0;
				GCC_PREPROCESSOR_DEFINITIONS = (
					"DEBUG=1",
					"$(inherited)",
				);
				GCC_WARN_64_TO_32_BIT_CONVERSION = YES;
				GCC_WARN_ABOUT_RETURN_TYPE = YES_ERROR;
				GCC_WARN_UNDECLARED_SELECTOR = YES;
				GCC_WARN_UNINITIALIZED_AUTOS = YES_AGGRESSIVE;
				GCC_WARN_UNUSED_FUNCTION = YES;
				GCC_WARN_UNUSED_VARIABLE = YES;
				IPHONEOS_DEPLOYMENT_TARGET = 10.3;
				MTL_ENABLE_DEBUG_INFO = YES;
				ONLY_ACTIVE_ARCH = YES;
				SDKROOT = iphoneos;
			};
			name = Debug;
		};
		ECA173A71ECDAE810083545B /* Release */ = {
			isa = XCBuildConfiguration;
			buildSettings = {
				ALWAYS_SEARCH_USER_PATHS = NO;
				CLANG_ANALYZER_NONNULL = YES;
				CLANG_ANALYZER_NUMBER_OBJECT_CONVERSION = YES_AGGRESSIVE;
				CLANG_CXX_LANGUAGE_STANDARD = "gnu++0x";
				CLANG_CXX_LIBRARY = "libc++";
				CLANG_ENABLE_MODULES = YES;
				CLANG_ENABLE_OBJC_ARC = YES;
				CLANG_WARN_BOOL_CONVERSION = YES;
				CLANG_WARN_CONSTANT_CONVERSION = YES;
				CLANG_WARN_DIRECT_OBJC_ISA_USAGE = YES_ERROR;
				CLANG_WARN_DOCUMENTATION_COMMENTS = YES;
				CLANG_WARN_EMPTY_BODY = YES;
				CLANG_WARN_ENUM_CONVERSION = YES;
				CLANG_WARN_INFINITE_RECURSION = YES;
				CLANG_WARN_INT_CONVERSION = YES;
				CLANG_WARN_OBJC_ROOT_CLASS = YES_ERROR;
				CLANG_WARN_SUSPICIOUS_MOVE = YES;
				CLANG_WARN_UNREACHABLE_CODE = YES;
				CLANG_WARN__DUPLICATE_METHOD_MATCH = YES;
				"CODE_SIGN_IDENTITY[sdk=iphoneos*]" = "iPhone Developer";
				COPY_PHASE_STRIP = NO;
				DEBUG_INFORMATION_FORMAT = "dwarf-with-dsym";
				ENABLE_NS_ASSERTIONS = NO;
				ENABLE_STRICT_OBJC_MSGSEND = YES;
				GCC_C_LANGUAGE_STANDARD = gnu99;
				GCC_NO_COMMON_BLOCKS = YES;
				GCC_WARN_64_TO_32_BIT_CONVERSION = YES;
				GCC_WARN_ABOUT_RETURN_TYPE = YES_ERROR;
				GCC_WARN_UNDECLARED_SELECTOR = YES;
				GCC_WARN_UNINITIALIZED_AUTOS = YES_AGGRESSIVE;
				GCC_WARN_UNUSED_FUNCTION = YES;
				GCC_WARN_UNUSED_VARIABLE = YES;
				IPHONEOS_DEPLOYMENT_TARGET = 10.3;
				MTL_ENABLE_DEBUG_INFO = NO;
				SDKROOT = iphoneos;
				VALIDATE_PRODUCT = YES;
			};
			name = Release;
		};
		ECA173A91ECDAE810083545B /* Debug */ = {
			isa = XCBuildConfiguration;
			buildSettings = {
				ASSETCATALOG_COMPILER_APPICON_NAME = AppIcon;
				DEVELOPMENT_TEAM = 4BADWEEE97;
				INFOPLIST_FILE = OCNetworkLayer/Info.plist;
				LD_RUNPATH_SEARCH_PATHS = "$(inherited) @executable_path/Frameworks";
				PRODUCT_BUNDLE_IDENTIFIER = com.tangyuhua.com.OCNetworkLayer;
				PRODUCT_NAME = "$(TARGET_NAME)";
			};
			name = Debug;
		};
		ECA173AA1ECDAE810083545B /* Release */ = {
			isa = XCBuildConfiguration;
			buildSettings = {
				ASSETCATALOG_COMPILER_APPICON_NAME = AppIcon;
				DEVELOPMENT_TEAM = 4BADWEEE97;
				INFOPLIST_FILE = OCNetworkLayer/Info.plist;
				LD_RUNPATH_SEARCH_PATHS = "$(inherited) @executable_path/Frameworks";
				PRODUCT_BUNDLE_IDENTIFIER = com.tangyuhua.com.OCNetworkLayer;
				PRODUCT_NAME = "$(TARGET_NAME)";
			};
			name = Release;
		};
		ECA173AC1ECDAE810083545B /* Debug */ = {
			isa = XCBuildConfiguration;
			buildSettings = {
				BUNDLE_LOADER = "$(TEST_HOST)";
				DEVELOPMENT_TEAM = 4BADWEEE97;
				INFOPLIST_FILE = OCNetworkLayerTests/Info.plist;
				LD_RUNPATH_SEARCH_PATHS = "$(inherited) @executable_path/Frameworks @loader_path/Frameworks";
				PRODUCT_BUNDLE_IDENTIFIER = com.tangyuhua.com.OCNetworkLayerTests;
				PRODUCT_NAME = "$(TARGET_NAME)";
				TEST_HOST = "$(BUILT_PRODUCTS_DIR)/OCNetworkLayer.app/OCNetworkLayer";
			};
			name = Debug;
		};
		ECA173AD1ECDAE810083545B /* Release */ = {
			isa = XCBuildConfiguration;
			buildSettings = {
				BUNDLE_LOADER = "$(TEST_HOST)";
				DEVELOPMENT_TEAM = 4BADWEEE97;
				INFOPLIST_FILE = OCNetworkLayerTests/Info.plist;
				LD_RUNPATH_SEARCH_PATHS = "$(inherited) @executable_path/Frameworks @loader_path/Frameworks";
				PRODUCT_BUNDLE_IDENTIFIER = com.tangyuhua.com.OCNetworkLayerTests;
				PRODUCT_NAME = "$(TARGET_NAME)";
				TEST_HOST = "$(BUILT_PRODUCTS_DIR)/OCNetworkLayer.app/OCNetworkLayer";
			};
			name = Release;
		};
		ECA173AF1ECDAE810083545B /* Debug */ = {
			isa = XCBuildConfiguration;
			buildSettings = {
				DEVELOPMENT_TEAM = 4BADWEEE97;
				INFOPLIST_FILE = OCNetworkLayerUITests/Info.plist;
				LD_RUNPATH_SEARCH_PATHS = "$(inherited) @executable_path/Frameworks @loader_path/Frameworks";
				PRODUCT_BUNDLE_IDENTIFIER = com.tangyuhua.com.OCNetworkLayerUITests;
				PRODUCT_NAME = "$(TARGET_NAME)";
				TEST_TARGET_NAME = OCNetworkLayer;
			};
			name = Debug;
		};
		ECA173B01ECDAE810083545B /* Release */ = {
			isa = XCBuildConfiguration;
			buildSettings = {
				DEVELOPMENT_TEAM = 4BADWEEE97;
				INFOPLIST_FILE = OCNetworkLayerUITests/Info.plist;
				LD_RUNPATH_SEARCH_PATHS = "$(inherited) @executable_path/Frameworks @loader_path/Frameworks";
				PRODUCT_BUNDLE_IDENTIFIER = com.tangyuhua.com.OCNetworkLayerUITests;
				PRODUCT_NAME = "$(TARGET_NAME)";
				TEST_TARGET_NAME = OCNetworkLayer;
			};
			name = Release;
		};
/* End XCBuildConfiguration section */

/* Begin XCConfigurationList section */
		ECA173761ECDAE810083545B /* Build configuration list for PBXProject "OCNetworkLayer" */ = {
			isa = XCConfigurationList;
			buildConfigurations = (
				ECA173A61ECDAE810083545B /* Debug */,
				ECA173A71ECDAE810083545B /* Release */,
			);
			defaultConfigurationIsVisible = 0;
			defaultConfigurationName = Release;
		};
		ECA173A81ECDAE810083545B /* Build configuration list for PBXNativeTarget "OCNetworkLayer" */ = {
			isa = XCConfigurationList;
			buildConfigurations = (
				ECA173A91ECDAE810083545B /* Debug */,
				ECA173AA1ECDAE810083545B /* Release */,
			);
			defaultConfigurationIsVisible = 0;
			defaultConfigurationName = Release;
		};
		ECA173AB1ECDAE810083545B /* Build configuration list for PBXNativeTarget "OCNetworkLayerTests" */ = {
			isa = XCConfigurationList;
			buildConfigurations = (
				ECA173AC1ECDAE810083545B /* Debug */,
				ECA173AD1ECDAE810083545B /* Release */,
			);
			defaultConfigurationIsVisible = 0;
			defaultConfigurationName = Release;
		};
		ECA173AE1ECDAE810083545B /* Build configuration list for PBXNativeTarget "OCNetworkLayerUITests" */ = {
			isa = XCConfigurationList;
			buildConfigurations = (
				ECA173AF1ECDAE810083545B /* Debug */,
				ECA173B01ECDAE810083545B /* Release */,
			);
			defaultConfigurationIsVisible = 0;
			defaultConfigurationName = Release;
		};
/* End XCConfigurationList section */
	};
	rootObject = ECA173731ECDAE810083545B /* Project object */;
}
